
Microsoft Visual Studio Solution File, Format Version 12.00
# Visual Studio 15
VisualStudioVersion = 15.0.27130.2010
MinimumVisualStudioVersion = 10.0.40219.1
Project("{FAE04EC0-301F-11D3-BF4B-00C04F79EFBC}") = "WordsBreaker", "WordsBreaker\WordsBreaker.csproj", "{56345B2B-B04E-4E36-B8BE-C4ADB456FC38}"
EndProject
Project("{FAE04EC0-301F-11D3-BF4B-00C04F79EFBC}") = "WordsBreakerTest", "WordsBreakerTest\WordsBreakerTest.csproj", "{59B921BC-25DC-45B9-8338-95364E0436E1}"
EndProject
Global
	GlobalSection(SolutionConfigurationPlatforms) = preSolution
		Debug|Any CPU = Debug|Any CPU
		Release|Any CPU = Release|Any CPU
	EndGlobalSection
	GlobalSection(ProjectConfigurationPlatforms) = postSolution
		{56345B2B-B04E-4E36-B8BE-C4ADB456FC38}.Debug|Any CPU.ActiveCfg = Debug|Any CPU
		{56345B2B-B04E-4E36-B8BE-C4ADB456FC38}.Debug|Any CPU.Build.0 = Debug|Any CPU
		{56345B2B-B04E-4E36-B8BE-C4ADB456FC38}.Release|Any CPU.ActiveCfg = Release|Any CPU
		{56345B2B-B04E-4E36-B8BE-C4ADB456FC38}.Release|Any CPU.Build.0 = Release|Any CPU
		{59B921BC-25DC-45B9-8338-95364E0436E1}.Debug|Any CPU.ActiveCfg = Debug|Any CPU
		{59B921BC-25DC-45B9-8338-95364E0436E1}.Debug|Any CPU.Build.0 = Debug|Any CPU
		{59B921BC-25DC-45B9-8338-95364E0436E1}.Release|Any CPU.ActiveCfg = Release|Any CPU
		{59B921BC-25DC-45B9-8338-95364E0436E1}.Release|Any CPU.Build.0 = Release|Any CPU
	EndGlobalSection
	GlobalSection(SolutionProperties) = preSolution
		HideSolutionNode = FALSE
	EndGlobalSection
	GlobalSection(ExtensibilityGlobals) = postSolution
		SolutionGuid = {83A5E038-BCCC-47EA-B5BF-AC5C6A9DDEA9}
	EndGlobalSection
EndGlobal
